
Microsoft Visual Studio Solution File, Format Version 12.00
# Visual Studio Version 16
VisualStudioVersion = 16.0.29215.179
MinimumVisualStudioVersion = 10.0.40219.1
Project("{8BC9CEB8-8B4A-11D0-8D11-00A0C91BC942}") = "BST", "BST.vcxproj", "{7744EEC7-2F8E-40CE-B5E5-E9835468A27C}"
EndProject
Global
	GlobalSection(SolutionConfigurationPlatforms) = preSolution
		Debug|x64 = Debug|x64
		Debug|x86 = Debug|x86
		Release|x64 = Release|x64
		Release|x86 = Release|x86
	EndGlobalSection
	GlobalSection(ProjectConfigurationPlatforms) = postSolution
		{7744EEC7-2F8E-40CE-B5E5-E9835468A27C}.Debug|x64.ActiveCfg = Debug|x64
		{7744EEC7-2F8E-40CE-B5E5-E9835468A27C}.Debug|x64.Build.0 = Debug|x64
		{7744EEC7-2F8E-40CE-B5E5-E9835468A27C}.Debug|x86.ActiveCfg = Debug|Win32
		{7744EEC7-2F8E-40CE-B5E5-E9835468A27C}.Debug|x86.Build.0 = Debug|Win32
		{7744EEC7-2F8E-40CE-B5E5-E9835468A27C}.Release|x64.ActiveCfg = Release|x64
		{7744EEC7-2F8E-40CE-B5E5-E9835468A27C}.Release|x64.Build.0 = Release|x64
		{7744EEC7-2F8E-40CE-B5E5-E9835468A27C}.Release|x86.ActiveCfg = Release|Win32
		{7744EEC7-2F8E-40CE-B5E5-E9835468A27C}.Release|x86.Build.0 = Release|Win32
	EndGlobalSection
	GlobalSection(SolutionProperties) = preSolution
		HideSolutionNode = FALSE
	EndGlobalSection
	GlobalSection(ExtensibilityGlobals) = postSolution
		SolutionGuid = {1A9261DE-432E-4F40-A6DE-11A5AADC6B4C}
	EndGlobalSection
EndGlobal
